
Microsoft Visual Studio Solution File, Format Version 12.00
# Visual Studio Version 16
VisualStudioVersion = 16.0.31105.61
MinimumVisualStudioVersion = 10.0.40219.1
Project("{2150E333-8FDC-42A3-9474-1A3956D46DE8}") = "Building Blocks", "Building Blocks", "{2A0FF408-C329-4AD7-8EDD-51BA467C8CC0}"
EndProject
Project("{2150E333-8FDC-42A3-9474-1A3956D46DE8}") = "Services", "Services", "{001A3F83-549D-4D34-BB87-2CDBC671C245}"
EndProject
Project("{2150E333-8FDC-42A3-9474-1A3956D46DE8}") = "Web", "Web", "{257E90CA-CD72-458B-89D6-BD1FA4010934}"
EndProject
Project("{2150E333-8FDC-42A3-9474-1A3956D46DE8}") = "MVC", "MVC", "{6A051F41-2BEB-4931-8B27-861C145017EE}"
EndProject
Project("{2150E333-8FDC-42A3-9474-1A3956D46DE8}") = "ApiGateways", "ApiGateways", "{FB718983-2454-4261-B72C-8155DE2D3915}"
EndProject
Project("{2150E333-8FDC-42A3-9474-1A3956D46DE8}") = "Authentication", "Authentication", "{8E579D2C-BA53-443F-B76B-0465662BA1BE}"
EndProject
Project("{2150E333-8FDC-42A3-9474-1A3956D46DE8}") = "Customer", "Customer", "{687F5A8D-6A6B-4C70-B9DC-95D5E69754DC}"
EndProject
Project("{2150E333-8FDC-42A3-9474-1A3956D46DE8}") = "ExternalData", "ExternalData", "{EE5FBE95-0F01-4E61-92A2-4215FFCD4A06}"
EndProject
Project("{9A19103F-16F7-4668-BE54-9A1E7A4F7556}") = "MP.Authentication.Api", "src\Services\MP.Authentication.Api\MP.Authentication.Api.csproj", "{E0AE8247-9546-4510-90CC-A8D799447BB0}"
EndProject
Project("{2150E333-8FDC-42A3-9474-1A3956D46DE8}") = "Services", "Services", "{A6B34653-1446-47BA-BDD7-417AE0F81508}"
EndProject
Project("{2150E333-8FDC-42A3-9474-1A3956D46DE8}") = "User", "User", "{F7BCF71E-EC21-4809-BD35-8CA774B9F3CF}"
EndProject
Project("{9A19103F-16F7-4668-BE54-9A1E7A4F7556}") = "MP.WebApp.Core", "src\Building Blocks\MP.WebApp.Core\MP.WebApp.Core.csproj", "{895AE462-85DD-4990-925E-61DB236F99B8}"
EndProject
Project("{9A19103F-16F7-4668-BE54-9A1E7A4F7556}") = "MP.WebApp", "src\Web\MP.WebApp\MP.WebApp.csproj", "{01C20FE5-22EA-4690-B13D-BA22EF235807}"
EndProject
Project("{2150E333-8FDC-42A3-9474-1A3956D46DE8}") = "Core", "Core", "{84FBEE0A-2401-4E98-91C3-281A2D305BED}"
EndProject
Project("{9A19103F-16F7-4668-BE54-9A1E7A4F7556}") = "MP.Core", "src\Building Blocks\MP.Core\MP.Core.csproj", "{66FC6557-546C-4FBE-81E0-B63706BD82F0}"
EndProject
Global
	GlobalSection(SolutionConfigurationPlatforms) = preSolution
		Debug|Any CPU = Debug|Any CPU
		Release|Any CPU = Release|Any CPU
	EndGlobalSection
	GlobalSection(ProjectConfigurationPlatforms) = postSolution
		{E0AE8247-9546-4510-90CC-A8D799447BB0}.Debug|Any CPU.ActiveCfg = Debug|Any CPU
		{E0AE8247-9546-4510-90CC-A8D799447BB0}.Debug|Any CPU.Build.0 = Debug|Any CPU
		{E0AE8247-9546-4510-90CC-A8D799447BB0}.Release|Any CPU.ActiveCfg = Release|Any CPU
		{E0AE8247-9546-4510-90CC-A8D799447BB0}.Release|Any CPU.Build.0 = Release|Any CPU
		{895AE462-85DD-4990-925E-61DB236F99B8}.Debug|Any CPU.ActiveCfg = Debug|Any CPU
		{895AE462-85DD-4990-925E-61DB236F99B8}.Debug|Any CPU.Build.0 = Debug|Any CPU
		{895AE462-85DD-4990-925E-61DB236F99B8}.Release|Any CPU.ActiveCfg = Release|Any CPU
		{895AE462-85DD-4990-925E-61DB236F99B8}.Release|Any CPU.Build.0 = Release|Any CPU
		{01C20FE5-22EA-4690-B13D-BA22EF235807}.Debug|Any CPU.ActiveCfg = Debug|Any CPU
		{01C20FE5-22EA-4690-B13D-BA22EF235807}.Debug|Any CPU.Build.0 = Debug|Any CPU
		{01C20FE5-22EA-4690-B13D-BA22EF235807}.Release|Any CPU.ActiveCfg = Release|Any CPU
		{01C20FE5-22EA-4690-B13D-BA22EF235807}.Release|Any CPU.Build.0 = Release|Any CPU
		{66FC6557-546C-4FBE-81E0-B63706BD82F0}.Debug|Any CPU.ActiveCfg = Debug|Any CPU
		{66FC6557-546C-4FBE-81E0-B63706BD82F0}.Debug|Any CPU.Build.0 = Debug|Any CPU
		{66FC6557-546C-4FBE-81E0-B63706BD82F0}.Release|Any CPU.ActiveCfg = Release|Any CPU
		{66FC6557-546C-4FBE-81E0-B63706BD82F0}.Release|Any CPU.Build.0 = Release|Any CPU
	EndGlobalSection
	GlobalSection(SolutionProperties) = preSolution
		HideSolutionNode = FALSE
	EndGlobalSection
	GlobalSection(NestedProjects) = preSolution
		{6A051F41-2BEB-4931-8B27-861C145017EE} = {257E90CA-CD72-458B-89D6-BD1FA4010934}
		{8E579D2C-BA53-443F-B76B-0465662BA1BE} = {001A3F83-549D-4D34-BB87-2CDBC671C245}
		{687F5A8D-6A6B-4C70-B9DC-95D5E69754DC} = {001A3F83-549D-4D34-BB87-2CDBC671C245}
		{EE5FBE95-0F01-4E61-92A2-4215FFCD4A06} = {001A3F83-549D-4D34-BB87-2CDBC671C245}
		{E0AE8247-9546-4510-90CC-A8D799447BB0} = {8E579D2C-BA53-443F-B76B-0465662BA1BE}
		{A6B34653-1446-47BA-BDD7-417AE0F81508} = {2A0FF408-C329-4AD7-8EDD-51BA467C8CC0}
		{F7BCF71E-EC21-4809-BD35-8CA774B9F3CF} = {A6B34653-1446-47BA-BDD7-417AE0F81508}
		{895AE462-85DD-4990-925E-61DB236F99B8} = {F7BCF71E-EC21-4809-BD35-8CA774B9F3CF}
		{01C20FE5-22EA-4690-B13D-BA22EF235807} = {6A051F41-2BEB-4931-8B27-861C145017EE}
		{84FBEE0A-2401-4E98-91C3-281A2D305BED} = {2A0FF408-C329-4AD7-8EDD-51BA467C8CC0}
		{66FC6557-546C-4FBE-81E0-B63706BD82F0} = {84FBEE0A-2401-4E98-91C3-281A2D305BED}
	EndGlobalSection
	GlobalSection(ExtensibilityGlobals) = postSolution
		SolutionGuid = {89BEE72D-9F38-4353-8709-BB74F462DA40}
	EndGlobalSection
EndGlobal
